
Microsoft Visual Studio Solution File, Format Version 12.00
# Visual Studio Version 17
VisualStudioVersion = 17.10.34916.146
MinimumVisualStudioVersion = 10.0.40219.1
Project("{FAE04EC0-301F-11D3-BF4B-00C04F79EFBC}") = "Crudapplication", "Crudapplication\Crudapplication.csproj", "{81489DAB-0716-4CAD-A2CF-852D2614E3EB}"
EndProject
Global
	GlobalSection(SolutionConfigurationPlatforms) = preSolution
		Debug|Any CPU = Debug|Any CPU
		Release|Any CPU = Release|Any CPU
	EndGlobalSection
	GlobalSection(ProjectConfigurationPlatforms) = postSolution
		{81489DAB-0716-4CAD-A2CF-852D2614E3EB}.Debug|Any CPU.ActiveCfg = Debug|Any CPU
		{81489DAB-0716-4CAD-A2CF-852D2614E3EB}.Debug|Any CPU.Build.0 = Debug|Any CPU
		{81489DAB-0716-4CAD-A2CF-852D2614E3EB}.Release|Any CPU.ActiveCfg = Release|Any CPU
		{81489DAB-0716-4CAD-A2CF-852D2614E3EB}.Release|Any CPU.Build.0 = Release|Any CPU
	EndGlobalSection
	GlobalSection(SolutionProperties) = preSolution
		HideSolutionNode = FALSE
	EndGlobalSection
	GlobalSection(ExtensibilityGlobals) = postSolution
		SolutionGuid = {22C73640-647B-413A-BEDA-DE70A199931C}
	EndGlobalSection
EndGlobal
